
Microsoft Visual Studio Solution File, Format Version 12.00
# Visual Studio 15
VisualStudioVersion = 15.0.27130.2027
MinimumVisualStudioVersion = 10.0.40219.1
Project("{FAE04EC0-301F-11D3-BF4B-00C04F79EFBC}") = "CloneFinderTests", "CloneFinderTests\CloneFinderTests.csproj", "{0B66D652-BAAA-4E52-B567-64BD99FD0ADE}"
EndProject
Project("{FAE04EC0-301F-11D3-BF4B-00C04F79EFBC}") = "CloneFinderFrontEnd", "CloneFinderFrontEnd\CloneFinderFrontEnd.csproj", "{38F8C4E3-CBF4-4870-80DC-DA119F6B3E62}"
EndProject
Project("{FAE04EC0-301F-11D3-BF4B-00C04F79EFBC}") = "CloneFinderCore", "CloneFinderCore\CloneFinderCore.csproj", "{7E660F22-41CE-4CB4-B45D-E773B6557279}"
EndProject
Project("{FAE04EC0-301F-11D3-BF4B-00C04F79EFBC}") = "CloneFinder", "CloneFinder\CloneFinder.csproj", "{3A0771A8-CC5B-4365-9ACB-716088AF6E0D}"
EndProject
Project("{930C7802-8A8C-48F9-8165-68863BCCD9DD}") = "CloneFinderInstaller", "CloneFinderInstaller\CloneFinderInstaller.wixproj", "{CBF80022-464C-4FE8-A9BA-E1F4FA888D48}"
EndProject
Global
	GlobalSection(SolutionConfigurationPlatforms) = preSolution
		Debug|Any CPU = Debug|Any CPU
		Debug|Mixed Platforms = Debug|Mixed Platforms
		Debug|x64 = Debug|x64
		Debug|x86 = Debug|x86
		Release|Any CPU = Release|Any CPU
		Release|Mixed Platforms = Release|Mixed Platforms
		Release|x64 = Release|x64
		Release|x86 = Release|x86
	EndGlobalSection
	GlobalSection(ProjectConfigurationPlatforms) = postSolution
		{0B66D652-BAAA-4E52-B567-64BD99FD0ADE}.Debug|Any CPU.ActiveCfg = Debug|Any CPU
		{0B66D652-BAAA-4E52-B567-64BD99FD0ADE}.Debug|Any CPU.Build.0 = Debug|Any CPU
		{0B66D652-BAAA-4E52-B567-64BD99FD0ADE}.Debug|Mixed Platforms.ActiveCfg = Debug|Any CPU
		{0B66D652-BAAA-4E52-B567-64BD99FD0ADE}.Debug|Mixed Platforms.Build.0 = Debug|Any CPU
		{0B66D652-BAAA-4E52-B567-64BD99FD0ADE}.Debug|x64.ActiveCfg = Debug|x64
		{0B66D652-BAAA-4E52-B567-64BD99FD0ADE}.Debug|x64.Build.0 = Debug|x64
		{0B66D652-BAAA-4E52-B567-64BD99FD0ADE}.Debug|x86.ActiveCfg = Debug|Any CPU
		{0B66D652-BAAA-4E52-B567-64BD99FD0ADE}.Release|Any CPU.ActiveCfg = Release|Any CPU
		{0B66D652-BAAA-4E52-B567-64BD99FD0ADE}.Release|Mixed Platforms.ActiveCfg = Release|Any CPU
		{0B66D652-BAAA-4E52-B567-64BD99FD0ADE}.Release|x64.ActiveCfg = Release|x64
		{0B66D652-BAAA-4E52-B567-64BD99FD0ADE}.Release|x86.ActiveCfg = Release|Any CPU
		{38F8C4E3-CBF4-4870-80DC-DA119F6B3E62}.Debug|Any CPU.ActiveCfg = Debug|Any CPU
		{38F8C4E3-CBF4-4870-80DC-DA119F6B3E62}.Debug|Any CPU.Build.0 = Debug|Any CPU
		{38F8C4E3-CBF4-4870-80DC-DA119F6B3E62}.Debug|Mixed Platforms.ActiveCfg = Debug|Any CPU
		{38F8C4E3-CBF4-4870-80DC-DA119F6B3E62}.Debug|Mixed Platforms.Build.0 = Debug|Any CPU
		{38F8C4E3-CBF4-4870-80DC-DA119F6B3E62}.Debug|x64.ActiveCfg = Debug|x64
		{38F8C4E3-CBF4-4870-80DC-DA119F6B3E62}.Debug|x64.Build.0 = Debug|x64
		{38F8C4E3-CBF4-4870-80DC-DA119F6B3E62}.Debug|x86.ActiveCfg = Debug|x86
		{38F8C4E3-CBF4-4870-80DC-DA119F6B3E62}.Debug|x86.Build.0 = Debug|x86
		{38F8C4E3-CBF4-4870-80DC-DA119F6B3E62}.Release|Any CPU.ActiveCfg = Release|Any CPU
		{38F8C4E3-CBF4-4870-80DC-DA119F6B3E62}.Release|Any CPU.Build.0 = Release|Any CPU
		{38F8C4E3-CBF4-4870-80DC-DA119F6B3E62}.Release|Mixed Platforms.ActiveCfg = Release|Any CPU
		{38F8C4E3-CBF4-4870-80DC-DA119F6B3E62}.Release|Mixed Platforms.Build.0 = Release|Any CPU
		{38F8C4E3-CBF4-4870-80DC-DA119F6B3E62}.Release|x64.ActiveCfg = Release|x64
		{38F8C4E3-CBF4-4870-80DC-DA119F6B3E62}.Release|x64.Build.0 = Release|x64
		{38F8C4E3-CBF4-4870-80DC-DA119F6B3E62}.Release|x86.ActiveCfg = Release|x86
		{38F8C4E3-CBF4-4870-80DC-DA119F6B3E62}.Release|x86.Build.0 = Release|x86
		{7E660F22-41CE-4CB4-B45D-E773B6557279}.Debug|Any CPU.ActiveCfg = Debug|Any CPU
		{7E660F22-41CE-4CB4-B45D-E773B6557279}.Debug|Any CPU.Build.0 = Debug|Any CPU
		{7E660F22-41CE-4CB4-B45D-E773B6557279}.Debug|Mixed Platforms.ActiveCfg = Debug|Any CPU
		{7E660F22-41CE-4CB4-B45D-E773B6557279}.Debug|Mixed Platforms.Build.0 = Debug|Any CPU
		{7E660F22-41CE-4CB4-B45D-E773B6557279}.Debug|x64.ActiveCfg = Debug|x64
		{7E660F22-41CE-4CB4-B45D-E773B6557279}.Debug|x64.Build.0 = Debug|x64
		{7E660F22-41CE-4CB4-B45D-E773B6557279}.Debug|x86.ActiveCfg = Debug|Any CPU
		{7E660F22-41CE-4CB4-B45D-E773B6557279}.Release|Any CPU.ActiveCfg = Release|Any CPU
		{7E660F22-41CE-4CB4-B45D-E773B6557279}.Release|Any CPU.Build.0 = Release|Any CPU
		{7E660F22-41CE-4CB4-B45D-E773B6557279}.Release|Mixed Platforms.ActiveCfg = Release|Any CPU
		{7E660F22-41CE-4CB4-B45D-E773B6557279}.Release|Mixed Platforms.Build.0 = Release|Any CPU
		{7E660F22-41CE-4CB4-B45D-E773B6557279}.Release|x64.ActiveCfg = Release|x64
		{7E660F22-41CE-4CB4-B45D-E773B6557279}.Release|x64.Build.0 = Release|x64
		{7E660F22-41CE-4CB4-B45D-E773B6557279}.Release|x86.ActiveCfg = Release|Any CPU
		{3A0771A8-CC5B-4365-9ACB-716088AF6E0D}.Debug|Any CPU.ActiveCfg = Debug|Any CPU
		{3A0771A8-CC5B-4365-9ACB-716088AF6E0D}.Debug|Any CPU.Build.0 = Debug|Any CPU
		{3A0771A8-CC5B-4365-9ACB-716088AF6E0D}.Debug|Mixed Platforms.ActiveCfg = Debug|Any CPU
		{3A0771A8-CC5B-4365-9ACB-716088AF6E0D}.Debug|Mixed Platforms.Build.0 = Debug|Any CPU
		{3A0771A8-CC5B-4365-9ACB-716088AF6E0D}.Debug|x64.ActiveCfg = Debug|x64
		{3A0771A8-CC5B-4365-9ACB-716088AF6E0D}.Debug|x64.Build.0 = Debug|x64
		{3A0771A8-CC5B-4365-9ACB-716088AF6E0D}.Debug|x86.ActiveCfg = Debug|x86
		{3A0771A8-CC5B-4365-9ACB-716088AF6E0D}.Debug|x86.Build.0 = Debug|x86
		{3A0771A8-CC5B-4365-9ACB-716088AF6E0D}.Release|Any CPU.ActiveCfg = Release|Any CPU
		{3A0771A8-CC5B-4365-9ACB-716088AF6E0D}.Release|Any CPU.Build.0 = Release|Any CPU
		{3A0771A8-CC5B-4365-9ACB-716088AF6E0D}.Release|Mixed Platforms.ActiveCfg = Release|Any CPU
		{3A0771A8-CC5B-4365-9ACB-716088AF6E0D}.Release|Mixed Platforms.Build.0 = Release|Any CPU
		{3A0771A8-CC5B-4365-9ACB-716088AF6E0D}.Release|x64.ActiveCfg = Release|x64
		{3A0771A8-CC5B-4365-9ACB-716088AF6E0D}.Release|x64.Build.0 = Release|x64
		{3A0771A8-CC5B-4365-9ACB-716088AF6E0D}.Release|x86.ActiveCfg = Release|x86
		{3A0771A8-CC5B-4365-9ACB-716088AF6E0D}.Release|x86.Build.0 = Release|x86
		{CBF80022-464C-4FE8-A9BA-E1F4FA888D48}.Debug|Any CPU.ActiveCfg = Debug|x86
		{CBF80022-464C-4FE8-A9BA-E1F4FA888D48}.Debug|Mixed Platforms.ActiveCfg = Debug|x86
		{CBF80022-464C-4FE8-A9BA-E1F4FA888D48}.Debug|Mixed Platforms.Build.0 = Debug|x86
		{CBF80022-464C-4FE8-A9BA-E1F4FA888D48}.Debug|x64.ActiveCfg = Debug|x64
		{CBF80022-464C-4FE8-A9BA-E1F4FA888D48}.Debug|x86.ActiveCfg = Debug|x86
		{CBF80022-464C-4FE8-A9BA-E1F4FA888D48}.Debug|x86.Build.0 = Debug|x86
		{CBF80022-464C-4FE8-A9BA-E1F4FA888D48}.Release|Any CPU.ActiveCfg = Release|x64
		{CBF80022-464C-4FE8-A9BA-E1F4FA888D48}.Release|Any CPU.Build.0 = Release|x64
		{CBF80022-464C-4FE8-A9BA-E1F4FA888D48}.Release|Mixed Platforms.ActiveCfg = Release|x86
		{CBF80022-464C-4FE8-A9BA-E1F4FA888D48}.Release|Mixed Platforms.Build.0 = Release|x86
		{CBF80022-464C-4FE8-A9BA-E1F4FA888D48}.Release|x64.ActiveCfg = Release|x64
		{CBF80022-464C-4FE8-A9BA-E1F4FA888D48}.Release|x64.Build.0 = Release|x64
		{CBF80022-464C-4FE8-A9BA-E1F4FA888D48}.Release|x86.ActiveCfg = Release|x86
		{CBF80022-464C-4FE8-A9BA-E1F4FA888D48}.Release|x86.Build.0 = Release|x86
	EndGlobalSection
	GlobalSection(SolutionProperties) = preSolution
		HideSolutionNode = FALSE
	EndGlobalSection
	GlobalSection(ExtensibilityGlobals) = postSolution
		SolutionGuid = {3F135E60-6B82-45EF-81C4-32F68A5551C7}
	EndGlobalSection
EndGlobal
